
Microsoft Visual Studio Solution File, Format Version 12.00
# Visual Studio 15
VisualStudioVersion = 15.0.28307.421
MinimumVisualStudioVersion = 10.0.40219.1
Project("{9A19103F-16F7-4668-BE54-9A1E7A4F7556}") = "MVC_01_Planets", "MVC_01_Planets\MVC_01_Planets.csproj", "{78415E20-C060-4652-85BC-E9E7270B1E23}"
EndProject
Global
	GlobalSection(SolutionConfigurationPlatforms) = preSolution
		Debug|Any CPU = Debug|Any CPU
		Release|Any CPU = Release|Any CPU
	EndGlobalSection
	GlobalSection(ProjectConfigurationPlatforms) = postSolution
		{78415E20-C060-4652-85BC-E9E7270B1E23}.Debug|Any CPU.ActiveCfg = Debug|Any CPU
		{78415E20-C060-4652-85BC-E9E7270B1E23}.Debug|Any CPU.Build.0 = Debug|Any CPU
		{78415E20-C060-4652-85BC-E9E7270B1E23}.Release|Any CPU.ActiveCfg = Release|Any CPU
		{78415E20-C060-4652-85BC-E9E7270B1E23}.Release|Any CPU.Build.0 = Release|Any CPU
	EndGlobalSection
	GlobalSection(SolutionProperties) = preSolution
		HideSolutionNode = FALSE
	EndGlobalSection
	GlobalSection(ExtensibilityGlobals) = postSolution
		SolutionGuid = {074E3D4A-C83E-47B6-A4BC-0E2759496FA2}
	EndGlobalSection
EndGlobal
